// !$*UTF8*$!
{
	archiveVersion = 1;
	classes = {
	};
	objectVersion = 48;
	objects = {

/* Begin PBXBuildFile section */
		5203FA0E1FFD424700776966 /* pics.xcassets in Resources */ = {isa = PBXBuildFile; fileRef = 5203FA0D1FFD424700776966 /* pics.xcassets */; };
		5214C9D31FF1F3CB00D93B35 /* AppDelegate.swift in Sources */ = {isa = PBXBuildFile; fileRef = 5214C9D21FF1F3CB00D93B35 /* AppDelegate.swift */; };
		5214C9D51FF1F3CB00D93B35 /* ViewController.swift in Sources */ = {isa = PBXBuildFile; fileRef = 5214C9D41FF1F3CB00D93B35 /* ViewController.swift */; };
		5214C9D81FF1F3CB00D93B35 /* Main.storyboard in Resources */ = {isa = PBXBuildFile; fileRef = 5214C9D61FF1F3CB00D93B35 /* Main.storyboard */; };
		5214C9DA1FF1F3CB00D93B35 /* Assets.xcassets in Resources */ = {isa = PBXBuildFile; fileRef = 5214C9D91FF1F3CB00D93B35 /* Assets.xcassets */; };
		5214C9DD1FF1F3CB00D93B35 /* LaunchScreen.storyboard in Resources */ = {isa = PBXBuildFile; fileRef = 5214C9DB1FF1F3CB00D93B35 /* LaunchScreen.storyboard */; };
		5214C9E51FF23D9600D93B35 /* FactProvider.swift in Sources */ = {isa = PBXBuildFile; fileRef = 5214C9E41FF23D9600D93B35 /* FactProvider.swift */; };
		526C6C621FFFBC6C00B5EE83 /* GameRule.swift in Sources */ = {isa = PBXBuildFile; fileRef = 526C6C611FFFBC6C00B5EE83 /* GameRule.swift */; };
		52CB07142007DDDC0003587E /* PopUpViewController.swift in Sources */ = {isa = PBXBuildFile; fileRef = 52CB07132007DDDC0003587E /* PopUpViewController.swift */; };
		84A00D89228A89E1006A9DAF /* Chariot.swift in Sources */ = {isa = PBXBuildFile; fileRef = 84A00D88228A89E1006A9DAF /* Chariot.swift */; };
		84A00D8B228A89F9006A9DAF /* Cannon.swift in Sources */ = {isa = PBXBuildFile; fileRef = 84A00D8A228A89F9006A9DAF /* Cannon.swift */; };
		84A00D8D228A8A0D006A9DAF /* Knight.swift in Sources */ = {isa = PBXBuildFile; fileRef = 84A00D8C228A8A0D006A9DAF /* Knight.swift */; };
		84A00D8F228A8A33006A9DAF /* BishopUpside.swift in Sources */ = {isa = PBXBuildFile; fileRef = 84A00D8E228A8A33006A9DAF /* BishopUpside.swift */; };
		84A00D91228A8A47006A9DAF /* BishopDownside.swift in Sources */ = {isa = PBXBuildFile; fileRef = 84A00D90228A8A47006A9DAF /* BishopDownside.swift */; };
		84A00D93228A8A62006A9DAF /* GuardUpside.swift in Sources */ = {isa = PBXBuildFile; fileRef = 84A00D92228A8A62006A9DAF /* GuardUpside.swift */; };
		84A00D95228A8A76006A9DAF /* GuardDownside.swift in Sources */ = {isa = PBXBuildFile; fileRef = 84A00D94228A8A76006A9DAF /* GuardDownside.swift */; };
		84A00D97228A8A8E006A9DAF /* KingUpside.swift in Sources */ = {isa = PBXBuildFile; fileRef = 84A00D96228A8A8E006A9DAF /* KingUpside.swift */; };
		84A00D99228A8A9E006A9DAF /* KingDownside.swift in Sources */ = {isa = PBXBuildFile; fileRef = 84A00D98228A8A9E006A9DAF /* KingDownside.swift */; };
		84A00D9B228A8AB2006A9DAF /* SoldierUpside.swift in Sources */ = {isa = PBXBuildFile; fileRef = 84A00D9A228A8AB2006A9DAF /* SoldierUpside.swift */; };
		84A00D9D228A8AC7006A9DAF /* SoldierDownside.swift in Sources */ = {isa = PBXBuildFile; fileRef = 84A00D9C228A8AC7006A9DAF /* SoldierDownside.swift */; };
/* End PBXBuildFile section */

/* Begin PBXFileReference section */
		5203FA0D1FFD424700776966 /* pics.xcassets */ = {isa = PBXFileReference; lastKnownFileType = folder.assetcatalog; path = pics.xcassets; sourceTree = "<group>"; };
		5214C9CF1FF1F3CB00D93B35 /* FunFacts.app */ = {isa = PBXFileReference; explicitFileType = wrapper.application; includeInIndex = 0; path = FunFacts.app; sourceTree = BUILT_PRODUCTS_DIR; };
		5214C9D21FF1F3CB00D93B35 /* AppDelegate.swift */ = {isa = PBXFileReference; lastKnownFileType = sourcecode.swift; path = AppDelegate.swift; sourceTree = "<group>"; };
		5214C9D41FF1F3CB00D93B35 /* ViewController.swift */ = {isa = PBXFileReference; lastKnownFileType = sourcecode.swift; path = ViewController.swift; sourceTree = "<group>"; };
		5214C9D71FF1F3CB00D93B35 /* Base */ = {isa = PBXFileReference; lastKnownFileType = file.storyboard; name = Base; path = Base.lproj/Main.storyboard; sourceTree = "<group>"; };
		5214C9D91FF1F3CB00D93B35 /* Assets.xcassets */ = {isa = PBXFileReference; lastKnownFileType = folder.assetcatalog; path = Assets.xcassets; sourceTree = "<group>"; };
		5214C9DC1FF1F3CB00D93B35 /* Base */ = {isa = PBXFileReference; lastKnownFileType = file.storyboard; name = Base; path = Base.lproj/LaunchScreen.storyboard; sourceTree = "<group>"; };
		5214C9DE1FF1F3CB00D93B35 /* Info.plist */ = {isa = PBXFileReference; lastKnownFileType = text.plist.xml; path = Info.plist; sourceTree = "<group>"; };
		5214C9E41FF23D9600D93B35 /* FactProvider.swift */ = {isa = PBXFileReference; lastKnownFileType = sourcecode.swift; path = FactProvider.swift; sourceTree = "<group>"; };
		526C6C611FFFBC6C00B5EE83 /* GameRule.swift */ = {isa = PBXFileReference; lastKnownFileType = sourcecode.swift; path = GameRule.swift; sourceTree = "<group>"; };
		52CB07132007DDDC0003587E /* PopUpViewController.swift */ = {isa = PBXFileReference; lastKnownFileType = sourcecode.swift; path = PopUpViewController.swift; sourceTree = "<group>"; };
		84A00D88228A89E1006A9DAF /* Chariot.swift */ = {isa = PBXFileReference; lastKnownFileType = sourcecode.swift; path = Chariot.swift; sourceTree = "<group>"; };
		84A00D8A228A89F9006A9DAF /* Cannon.swift */ = {isa = PBXFileReference; lastKnownFileType = sourcecode.swift; path = Cannon.swift; sourceTree = "<group>"; };
		84A00D8C228A8A0D006A9DAF /* Knight.swift */ = {isa = PBXFileReference; lastKnownFileType = sourcecode.swift; path = Knight.swift; sourceTree = "<group>"; };
		84A00D8E228A8A33006A9DAF /* BishopUpside.swift */ = {isa = PBXFileReference; lastKnownFileType = sourcecode.swift; path = BishopUpside.swift; sourceTree = "<group>"; };
		84A00D90228A8A47006A9DAF /* BishopDownside.swift */ = {isa = PBXFileReference; lastKnownFileType = sourcecode.swift; path = BishopDownside.swift; sourceTree = "<group>"; };
		84A00D92228A8A62006A9DAF /* GuardUpside.swift */ = {isa = PBXFileReference; lastKnownFileType = sourcecode.swift; path = GuardUpside.swift; sourceTree = "<group>"; };
		84A00D94228A8A76006A9DAF /* GuardDownside.swift */ = {isa = PBXFileReference; lastKnownFileType = sourcecode.swift; path = GuardDownside.swift; sourceTree = "<group>"; };
		84A00D96228A8A8E006A9DAF /* KingUpside.swift */ = {isa = PBXFileReference; lastKnownFileType = sourcecode.swift; path = KingUpside.swift; sourceTree = "<group>"; };
		84A00D98228A8A9E006A9DAF /* KingDownside.swift */ = {isa = PBXFileReference; lastKnownFileType = sourcecode.swift; path = KingDownside.swift; sourceTree = "<group>"; };
		84A00D9A228A8AB2006A9DAF /* SoldierUpside.swift */ = {isa = PBXFileReference; lastKnownFileType = sourcecode.swift; path = SoldierUpside.swift; sourceTree = "<group>"; };
		84A00D9C228A8AC7006A9DAF /* SoldierDownside.swift */ = {isa = PBXFileReference; lastKnownFileType = sourcecode.swift; path = SoldierDownside.swift; sourceTree = "<group>"; };
/* End PBXFileReference section */

/* Begin PBXFrameworksBuildPhase section */
		5214C9CC1FF1F3CB00D93B35 /* Frameworks */ = {
			isa = PBXFrameworksBuildPhase;
			buildActionMask = 2147483647;
			files = (
			);
			runOnlyForDeploymentPostprocessing = 0;
		};
/* End PBXFrameworksBuildPhase section */

/* Begin PBXGroup section */
		5214C9C61FF1F3CB00D93B35 = {
			isa = PBXGroup;
			children = (
				5214C9D11FF1F3CB00D93B35 /* FunFacts */,
				5214C9D01FF1F3CB00D93B35 /* Products */,
			);
			sourceTree = "<group>";
		};
		5214C9D01FF1F3CB00D93B35 /* Products */ = {
			isa = PBXGroup;
			children = (
				5214C9CF1FF1F3CB00D93B35 /* FunFacts.app */,
			);
			name = Products;
			sourceTree = "<group>";
		};
		5214C9D11FF1F3CB00D93B35 /* FunFacts */ = {
			isa = PBXGroup;
			children = (
				5214C9D21FF1F3CB00D93B35 /* AppDelegate.swift */,
				5214C9D41FF1F3CB00D93B35 /* ViewController.swift */,
				52CB07132007DDDC0003587E /* PopUpViewController.swift */,
				5214C9D61FF1F3CB00D93B35 /* Main.storyboard */,
				5214C9E41FF23D9600D93B35 /* FactProvider.swift */,
				84A00D87228A89C0006A9DAF /* Chess */,
				5214C9D91FF1F3CB00D93B35 /* Assets.xcassets */,
				5214C9DB1FF1F3CB00D93B35 /* LaunchScreen.storyboard */,
				5214C9DE1FF1F3CB00D93B35 /* Info.plist */,
				5203FA0D1FFD424700776966 /* pics.xcassets */,
			);
			path = FunFacts;
			sourceTree = "<group>";
		};
		84A00D87228A89C0006A9DAF /* Chess */ = {
			isa = PBXGroup;
			children = (
				526C6C611FFFBC6C00B5EE83 /* GameRule.swift */,
				84A00D88228A89E1006A9DAF /* Chariot.swift */,
				84A00D8A228A89F9006A9DAF /* Cannon.swift */,
				84A00D8C228A8A0D006A9DAF /* Knight.swift */,
				84A00D8E228A8A33006A9DAF /* BishopUpside.swift */,
				84A00D90228A8A47006A9DAF /* BishopDownside.swift */,
				84A00D92228A8A62006A9DAF /* GuardUpside.swift */,
				84A00D94228A8A76006A9DAF /* GuardDownside.swift */,
				84A00D96228A8A8E006A9DAF /* KingUpside.swift */,
				84A00D98228A8A9E006A9DAF /* KingDownside.swift */,
				84A00D9A228A8AB2006A9DAF /* SoldierUpside.swift */,
				84A00D9C228A8AC7006A9DAF /* SoldierDownside.swift */,
			);
			path = Chess;
			sourceTree = "<group>";
		};
/* End PBXGroup section */

/* Begin PBXNativeTarget section */
		5214C9CE1FF1F3CB00D93B35 /* FunFacts */ = {
			isa = PBXNativeTarget;
			buildConfigurationList = 5214C9E11FF1F3CB00D93B35 /* Build configuration list for PBXNativeTarget "FunFacts" */;
			buildPhases = (
				5214C9CB1FF1F3CB00D93B35 /* Sources */,
				5214C9CC1FF1F3CB00D93B35 /* Frameworks */,
				5214C9CD1FF1F3CB00D93B35 /* Resources */,
			);
			buildRules = (
			);
			dependencies = (
			);
			name = FunFacts;
			productName = FunFacts;
			productReference = 5214C9CF1FF1F3CB00D93B35 /* FunFacts.app */;
			productType = "com.apple.product-type.application";
		};
/* End PBXNativeTarget section */

/* Begin PBXProject section */
		5214C9C71FF1F3CB00D93B35 /* Project object */ = {
			isa = PBXProject;
			attributes = {
				LastSwiftUpdateCheck = 0900;
				LastUpgradeCheck = 0900;
				ORGANIZATIONNAME = "Bohan Yang";
				TargetAttributes = {
					5214C9CE1FF1F3CB00D93B35 = {
						CreatedOnToolsVersion = 9.0.1;
						ProvisioningStyle = Manual;
					};
				};
			};
			buildConfigurationList = 5214C9CA1FF1F3CB00D93B35 /* Build configuration list for PBXProject "FunFacts" */;
			compatibilityVersion = "Xcode 8.0";
			developmentRegion = en;
			hasScannedForEncodings = 0;
			knownRegions = (
				en,
				Base,
			);
			mainGroup = 5214C9C61FF1F3CB00D93B35;
			productRefGroup = 5214C9D01FF1F3CB00D93B35 /* Products */;
			projectDirPath = "";
			projectRoot = "";
			targets = (
				5214C9CE1FF1F3CB00D93B35 /* FunFacts */,
			);
		};
/* End PBXProject section */

/* Begin PBXResourcesBuildPhase section */
		5214C9CD1FF1F3CB00D93B35 /* Resources */ = {
			isa = PBXResourcesBuildPhase;
			buildActionMask = 2147483647;
			files = (
				5203FA0E1FFD424700776966 /* pics.xcassets in Resources */,
				5214C9DD1FF1F3CB00D93B35 /* LaunchScreen.storyboard in Resources */,
				5214C9DA1FF1F3CB00D93B35 /* Assets.xcassets in Resources */,
				5214C9D81FF1F3CB00D93B35 /* Main.storyboard in Resources */,
			);
			runOnlyForDeploymentPostprocessing = 0;
		};
/* End PBXResourcesBuildPhase section */

/* Begin PBXSourcesBuildPhase section */
		5214C9CB1FF1F3CB00D93B35 /* Sources */ = {
			isa = PBXSourcesBuildPhase;
			buildActionMask = 2147483647;
			files = (
				52CB07142007DDDC0003587E /* PopUpViewController.swift in Sources */,
				84A00D95228A8A76006A9DAF /* GuardDownside.swift in Sources */,
				84A00D91228A8A47006A9DAF /* BishopDownside.swift in Sources */,
				5214C9D51FF1F3CB00D93B35 /* ViewController.swift in Sources */,
				5214C9D31FF1F3CB00D93B35 /* AppDelegate.swift in Sources */,
				84A00D8F228A8A33006A9DAF /* BishopUpside.swift in Sources */,
				5214C9E51FF23D9600D93B35 /* FactProvider.swift in Sources */,
				84A00D99228A8A9E006A9DAF /* KingDownside.swift in Sources */,
				84A00D8D228A8A0D006A9DAF /* Knight.swift in Sources */,
				84A00D89228A89E1006A9DAF /* Chariot.swift in Sources */,
				84A00D8B228A89F9006A9DAF /* Cannon.swift in Sources */,
				526C6C621FFFBC6C00B5EE83 /* GameRule.swift in Sources */,
				84A00D97228A8A8E006A9DAF /* KingUpside.swift in Sources */,
				84A00D9B228A8AB2006A9DAF /* SoldierUpside.swift in Sources */,
				84A00D93228A8A62006A9DAF /* GuardUpside.swift in Sources */,
				84A00D9D228A8AC7006A9DAF /* SoldierDownside.swift in Sources */,
			);
			runOnlyForDeploymentPostprocessing = 0;
		};
/* End PBXSourcesBuildPhase section */

/* Begin PBXVariantGroup section */
		5214C9D61FF1F3CB00D93B35 /* Main.storyboard */ = {
			isa = PBXVariantGroup;
			children = (
				5214C9D71FF1F3CB00D93B35 /* Base */,
			);
			name = Main.storyboard;
			sourceTree = "<group>";
		};
		5214C9DB1FF1F3CB00D93B35 /* LaunchScreen.storyboard */ = {
			isa = PBXVariantGroup;
			children = (
				5214C9DC1FF1F3CB00D93B35 /* Base */,
			);
			name = LaunchScreen.storyboard;
			sourceTree = "<group>";
		};
/* End PBXVariantGroup section */

/* Begin XCBuildConfiguration section */
		5214C9DF1FF1F3CB00D93B35 /* Debug */ = {
			isa = XCBuildConfiguration;
			buildSettings = {
				ALWAYS_SEARCH_USER_PATHS = NO;
				CLANG_ANALYZER_NONNULL = YES;
				CLANG_ANALYZER_NUMBER_OBJECT_CONVERSION = YES_AGGRESSIVE;
				CLANG_CXX_LANGUAGE_STANDARD = "gnu++14";
				CLANG_CXX_LIBRARY = "libc++";
				CLANG_ENABLE_MODULES = YES;
				CLANG_ENABLE_OBJC_ARC = YES;
				CLANG_WARN_BLOCK_CAPTURE_AUTORELEASING = YES;
				CLANG_WARN_BOOL_CONVERSION = YES;
				CLANG_WARN_COMMA = YES;
				CLANG_WARN_CONSTANT_CONVERSION = YES;
				CLANG_WARN_DIRECT_OBJC_ISA_USAGE = YES_ERROR;
				CLANG_WARN_DOCUMENTATION_COMMENTS = YES;
				CLANG_WARN_EMPTY_BODY = YES;
				CLANG_WARN_ENUM_CONVERSION = YES;
				CLANG_WARN_INFINITE_RECURSION = YES;
				CLANG_WARN_INT_CONVERSION = YES;
				CLANG_WARN_NON_LITERAL_NULL_CONVERSION = YES;
				CLANG_WARN_OBJC_LITERAL_CONVERSION = YES;
				CLANG_WARN_OBJC_ROOT_CLASS = YES_ERROR;
				CLANG_WARN_RANGE_LOOP_ANALYSIS = YES;
				CLANG_WARN_STRICT_PROTOTYPES = YES;
				CLANG_WARN_SUSPICIOUS_MOVE = YES;
				CLANG_WARN_UNGUARDED_AVAILABILITY = YES_AGGRESSIVE;
				CLANG_WARN_UNREACHABLE_CODE = YES;
				CLANG_WARN__DUPLICATE_METHOD_MATCH = YES;
				CODE_SIGN_IDENTITY = "iPhone Developer";
				COPY_PHASE_STRIP = NO;
				DEBUG_INFORMATION_FORMAT = dwarf;
				ENABLE_STRICT_OBJC_MSGSEND = YES;
				ENABLE_TESTABILITY = YES;
				GCC_C_LANGUAGE_STANDARD = gnu11;
				GCC_DYNAMIC_NO_PIC = NO;
				GCC_NO_COMMON_BLOCKS = YES;
				GCC_OPTIMIZATION_LEVEL = 0;
				GCC_PREPROCESSOR_DEFINITIONS = (
					"DEBUG=1",
					"$(inherited)",
				);
				GCC_WARN_64_TO_32_BIT_CONVERSION = YES;
				GCC_WARN_ABOUT_RETURN_TYPE = YES_ERROR;
				GCC_WARN_UNDECLARED_SELECTOR = YES;
				GCC_WARN_UNINITIALIZED_AUTOS = YES_AGGRESSIVE;
				GCC_WARN_UNUSED_FUNCTION = YES;
				GCC_WARN_UNUSED_VARIABLE = YES;
				IPHONEOS_DEPLOYMENT_TARGET = 11.0;
				MTL_ENABLE_DEBUG_INFO = YES;
				ONLY_ACTIVE_ARCH = YES;
				SDKROOT = iphoneos;
				SWIFT_ACTIVE_COMPILATION_CONDITIONS = DEBUG;
				SWIFT_OPTIMIZATION_LEVEL = "-Onone";
			};
			name = Debug;
		};
		5214C9E01FF1F3CB00D93B35 /* Release */ = {
			isa = XCBuildConfiguration;
			buildSettings = {
				ALWAYS_SEARCH_USER_PATHS = NO;
				CLANG_ANALYZER_NONNULL = YES;
				CLANG_ANALYZER_NUMBER_OBJECT_CONVERSION = YES_AGGRESSIVE;
				CLANG_CXX_LANGUAGE_STANDARD = "gnu++14";
				CLANG_CXX_LIBRARY = "libc++";
				CLANG_ENABLE_MODULES = YES;
				CLANG_ENABLE_OBJC_ARC = YES;
				CLANG_WARN_BLOCK_CAPTURE_AUTORELEASING = YES;
				CLANG_WARN_BOOL_CONVERSION = YES;
				CLANG_WARN_COMMA = YES;
				CLANG_WARN_CONSTANT_CONVERSION = YES;
				CLANG_WARN_DIRECT_OBJC_ISA_USAGE = YES_ERROR;
				CLANG_WARN_DOCUMENTATION_COMMENTS = YES;
				CLANG_WARN_EMPTY_BODY = YES;
				CLANG_WARN_ENUM_CONVERSION = YES;
				CLANG_WARN_INFINITE_RECURSION = YES;
				CLANG_WARN_INT_CONVERSION = YES;
				CLANG_WARN_NON_LITERAL_NULL_CONVERSION = YES;
				CLANG_WARN_OBJC_LITERAL_CONVERSION = YES;
				CLANG_WARN_OBJC_ROOT_CLASS = YES_ERROR;
				CLANG_WARN_RANGE_LOOP_ANALYSIS = YES;
				CLANG_WARN_STRICT_PROTOTYPES = YES;
				CLANG_WARN_SUSPICIOUS_MOVE = YES;
				CLANG_WARN_UNGUARDED_AVAILABILITY = YES_AGGRESSIVE;
				CLANG_WARN_UNREACHABLE_CODE = YES;
				CLANG_WARN__DUPLICATE_METHOD_MATCH = YES;
				CODE_SIGN_IDENTITY = "iPhone Developer";
				COPY_PHASE_STRIP = NO;
				DEBUG_INFORMATION_FORMAT = "dwarf-with-dsym";
				ENABLE_NS_ASSERTIONS = NO;
				ENABLE_STRICT_OBJC_MSGSEND = YES;
				GCC_C_LANGUAGE_STANDARD = gnu11;
				GCC_NO_COMMON_BLOCKS = YES;
				GCC_WARN_64_TO_32_BIT_CONVERSION = YES;
				GCC_WARN_ABOUT_RETURN_TYPE = YES_ERROR;
				GCC_WARN_UNDECLARED_SELECTOR = YES;
				GCC_WARN_UNINITIALIZED_AUTOS = YES_AGGRESSIVE;
				GCC_WARN_UNUSED_FUNCTION = YES;
				GCC_WARN_UNUSED_VARIABLE = YES;
				IPHONEOS_DEPLOYMENT_TARGET = 11.0;
				MTL_ENABLE_DEBUG_INFO = NO;
				SDKROOT = iphoneos;
				SWIFT_OPTIMIZATION_LEVEL = "-Owholemodule";
				VALIDATE_PRODUCT = YES;
			};
			name = Release;
		};
		5214C9E21FF1F3CB00D93B35 /* Debug */ = {
			isa = XCBuildConfiguration;
			buildSettings = {
				ASSETCATALOG_COMPILER_APPICON_NAME = AppIcon;
				CODE_SIGN_STYLE = Manual;
				DEVELOPMENT_TEAM = DAB2NZFLN5;
				INFOPLIST_FILE = FunFacts/Info.plist;
				LD_RUNPATH_SEARCH_PATHS = "$(inherited) @executable_path/Frameworks";
				PRODUCT_BUNDLE_IDENTIFIER = "linkedin.com-in-bohanyang1-.FunFacts";
				PRODUCT_NAME = "$(TARGET_NAME)";
				PROVISIONING_PROFILE_SPECIFIER = ios_development_forAll;
				SWIFT_VERSION = 4.0;
				TARGETED_DEVICE_FAMILY = "1,2";
			};
			name = Debug;
		};
		5214C9E31FF1F3CB00D93B35 /* Release */ = {
			isa = XCBuildConfiguration;
			buildSettings = {
				ASSETCATALOG_COMPILER_APPICON_NAME = AppIcon;
				CODE_SIGN_STYLE = Manual;
				DEVELOPMENT_TEAM = "";
				INFOPLIST_FILE = FunFacts/Info.plist;
				LD_RUNPATH_SEARCH_PATHS = "$(inherited) @executable_path/Frameworks";
				PRODUCT_BUNDLE_IDENTIFIER = "linkedin.com-in-bohanyang1-.FunFacts";
				PRODUCT_NAME = "$(TARGET_NAME)";
				PROVISIONING_PROFILE_SPECIFIER = "";
				SWIFT_VERSION = 4.0;
				TARGETED_DEVICE_FAMILY = "1,2";
			};
			name = Release;
		};
/* End XCBuildConfiguration section */

/* Begin XCConfigurationList section */
		5214C9CA1FF1F3CB00D93B35 /* Build configuration list for PBXProject "FunFacts" */ = {
			isa = XCConfigurationList;
			buildConfigurations = (
				5214C9DF1FF1F3CB00D93B35 /* Debug */,
				5214C9E01FF1F3CB00D93B35 /* Release */,
			);
			defaultConfigurationIsVisible = 0;
			defaultConfigurationName = Release;
		};
		5214C9E11FF1F3CB00D93B35 /* Build configuration list for PBXNativeTarget "FunFacts" */ = {
			isa = XCConfigurationList;
			buildConfigurations = (
				5214C9E21FF1F3CB00D93B35 /* Debug */,
				5214C9E31FF1F3CB00D93B35 /* Release */,
			);
			defaultConfigurationIsVisible = 0;
			defaultConfigurationName = Release;
		};
/* End XCConfigurationList section */
	};
	rootObject = 5214C9C71FF1F3CB00D93B35 /* Project object */;
}
